
Microsoft Visual Studio Solution File, Format Version 12.00
# Visual Studio Version 17
VisualStudioVersion = 17.8.34322.80
MinimumVisualStudioVersion = 10.0.40219.1
Project("{FAE04EC0-301F-11D3-BF4B-00C04F79EFBC}") = "Frontend", "Frontend\Frontend.csproj", "{8A9D1ED8-BC95-4708-85F6-6FCB59525645}"
EndProject
Project("{FAE04EC0-301F-11D3-BF4B-00C04F79EFBC}") = "TratamentoErros", "TratamentoErros\TratamentoErros.csproj", "{41D337E5-FA20-4AD2-BFB5-4B93FBA14FD3}"
EndProject
Project("{FAE04EC0-301F-11D3-BF4B-00C04F79EFBC}") = "Dados", "Dados\Dados.csproj", "{DD6B58F6-1A3D-4A6B-A44A-46D29FD7F526}"
EndProject
Project("{FAE04EC0-301F-11D3-BF4B-00C04F79EFBC}") = "ObjetosNegocio", "ObjetosNegocio\ObjetosNegocio.csproj", "{626A15AB-6AC7-46EB-AEED-BC60C3332565}"
EndProject
Project("{FAE04EC0-301F-11D3-BF4B-00C04F79EFBC}") = "RegrasNegocio", "RegrasNegocio\RegrasNegocio.csproj", "{947B5125-8F16-43B0-9B5A-FC77F1A930C6}"
EndProject
Global
	GlobalSection(SolutionConfigurationPlatforms) = preSolution
		Debug|Any CPU = Debug|Any CPU
		Release|Any CPU = Release|Any CPU
	EndGlobalSection
	GlobalSection(ProjectConfigurationPlatforms) = postSolution
		{8A9D1ED8-BC95-4708-85F6-6FCB59525645}.Debug|Any CPU.ActiveCfg = Debug|Any CPU
		{8A9D1ED8-BC95-4708-85F6-6FCB59525645}.Debug|Any CPU.Build.0 = Debug|Any CPU
		{8A9D1ED8-BC95-4708-85F6-6FCB59525645}.Release|Any CPU.ActiveCfg = Release|Any CPU
		{8A9D1ED8-BC95-4708-85F6-6FCB59525645}.Release|Any CPU.Build.0 = Release|Any CPU
		{41D337E5-FA20-4AD2-BFB5-4B93FBA14FD3}.Debug|Any CPU.ActiveCfg = Debug|Any CPU
		{41D337E5-FA20-4AD2-BFB5-4B93FBA14FD3}.Debug|Any CPU.Build.0 = Debug|Any CPU
		{41D337E5-FA20-4AD2-BFB5-4B93FBA14FD3}.Release|Any CPU.ActiveCfg = Release|Any CPU
		{41D337E5-FA20-4AD2-BFB5-4B93FBA14FD3}.Release|Any CPU.Build.0 = Release|Any CPU
		{DD6B58F6-1A3D-4A6B-A44A-46D29FD7F526}.Debug|Any CPU.ActiveCfg = Debug|Any CPU
		{DD6B58F6-1A3D-4A6B-A44A-46D29FD7F526}.Debug|Any CPU.Build.0 = Debug|Any CPU
		{DD6B58F6-1A3D-4A6B-A44A-46D29FD7F526}.Release|Any CPU.ActiveCfg = Release|Any CPU
		{DD6B58F6-1A3D-4A6B-A44A-46D29FD7F526}.Release|Any CPU.Build.0 = Release|Any CPU
		{626A15AB-6AC7-46EB-AEED-BC60C3332565}.Debug|Any CPU.ActiveCfg = Debug|Any CPU
		{626A15AB-6AC7-46EB-AEED-BC60C3332565}.Debug|Any CPU.Build.0 = Debug|Any CPU
		{626A15AB-6AC7-46EB-AEED-BC60C3332565}.Release|Any CPU.ActiveCfg = Release|Any CPU
		{626A15AB-6AC7-46EB-AEED-BC60C3332565}.Release|Any CPU.Build.0 = Release|Any CPU
		{947B5125-8F16-43B0-9B5A-FC77F1A930C6}.Debug|Any CPU.ActiveCfg = Debug|Any CPU
		{947B5125-8F16-43B0-9B5A-FC77F1A930C6}.Debug|Any CPU.Build.0 = Debug|Any CPU
		{947B5125-8F16-43B0-9B5A-FC77F1A930C6}.Release|Any CPU.ActiveCfg = Release|Any CPU
		{947B5125-8F16-43B0-9B5A-FC77F1A930C6}.Release|Any CPU.Build.0 = Release|Any CPU
	EndGlobalSection
	GlobalSection(SolutionProperties) = preSolution
		HideSolutionNode = FALSE
	EndGlobalSection
	GlobalSection(ExtensibilityGlobals) = postSolution
		SolutionGuid = {85A4AFA4-F5C5-414A-A94C-91DB1264D4EC}
	EndGlobalSection
EndGlobal
